
Microsoft Visual Studio Solution File, Format Version 12.00
# Visual Studio Version 17
VisualStudioVersion = 17.14.36603.0 d17.14
MinimumVisualStudioVersion = 10.0.40219.1
Project("{FAE04EC0-301F-11D3-BF4B-00C04F79EFBC}") = "GrigorievC_tema04", "GrigorievC_tema04.csproj", "{2C7EB59B-7C29-4317-8D9F-2AD6363E4244}"
EndProject
Global
	GlobalSection(SolutionConfigurationPlatforms) = preSolution
		Debug|Any CPU = Debug|Any CPU
		Release|Any CPU = Release|Any CPU
	EndGlobalSection
	GlobalSection(ProjectConfigurationPlatforms) = postSolution
		{2C7EB59B-7C29-4317-8D9F-2AD6363E4244}.Debug|Any CPU.ActiveCfg = Debug|Any CPU
		{2C7EB59B-7C29-4317-8D9F-2AD6363E4244}.Debug|Any CPU.Build.0 = Debug|Any CPU
		{2C7EB59B-7C29-4317-8D9F-2AD6363E4244}.Release|Any CPU.ActiveCfg = Release|Any CPU
		{2C7EB59B-7C29-4317-8D9F-2AD6363E4244}.Release|Any CPU.Build.0 = Release|Any CPU
	EndGlobalSection
	GlobalSection(SolutionProperties) = preSolution
		HideSolutionNode = FALSE
	EndGlobalSection
	GlobalSection(ExtensibilityGlobals) = postSolution
		SolutionGuid = {AA16D964-F188-42A6-9F06-BE898044C810}
	EndGlobalSection
EndGlobal
